
Microsoft Visual Studio Solution File, Format Version 12.00
# Visual Studio 2012
Project("{FAE04EC0-301F-11D3-BF4B-00C04F79EFBC}") = "70-483", "70-483\70-483.csproj", "{68C02C3F-C206-42BF-82F0-15A3E8E7475D}"
EndProject
Global
	GlobalSection(SolutionConfigurationPlatforms) = preSolution
		Debug|Any CPU = Debug|Any CPU
		Release|Any CPU = Release|Any CPU
	EndGlobalSection
	GlobalSection(ProjectConfigurationPlatforms) = postSolution
		{68C02C3F-C206-42BF-82F0-15A3E8E7475D}.Debug|Any CPU.ActiveCfg = Debug|Any CPU
		{68C02C3F-C206-42BF-82F0-15A3E8E7475D}.Debug|Any CPU.Build.0 = Debug|Any CPU
		{68C02C3F-C206-42BF-82F0-15A3E8E7475D}.Release|Any CPU.ActiveCfg = Release|Any CPU
		{68C02C3F-C206-42BF-82F0-15A3E8E7475D}.Release|Any CPU.Build.0 = Release|Any CPU
	EndGlobalSection
EndGlobal
